
Microsoft Visual Studio Solution File, Format Version 12.00
# Visual Studio Version 16
VisualStudioVersion = 16.0.31729.503
MinimumVisualStudioVersion = 10.0.40219.1
Project("{FAE04EC0-301F-11D3-BF4B-00C04F79EFBC}") = "GridTimeoutRepro", "GridTimeoutRepro\GridTimeoutRepro.csproj", "{C1653A94-DE63-49C8-91FF-AD106E44C409}"
EndProject
Global
	GlobalSection(SolutionConfigurationPlatforms) = preSolution
		Debug|Any CPU = Debug|Any CPU
		Release|Any CPU = Release|Any CPU
	EndGlobalSection
	GlobalSection(ProjectConfigurationPlatforms) = postSolution
		{C1653A94-DE63-49C8-91FF-AD106E44C409}.Debug|Any CPU.ActiveCfg = Debug|Any CPU
		{C1653A94-DE63-49C8-91FF-AD106E44C409}.Debug|Any CPU.Build.0 = Debug|Any CPU
		{C1653A94-DE63-49C8-91FF-AD106E44C409}.Release|Any CPU.ActiveCfg = Release|Any CPU
		{C1653A94-DE63-49C8-91FF-AD106E44C409}.Release|Any CPU.Build.0 = Release|Any CPU
	EndGlobalSection
	GlobalSection(SolutionProperties) = preSolution
		HideSolutionNode = FALSE
	EndGlobalSection
	GlobalSection(ExtensibilityGlobals) = postSolution
		SolutionGuid = {E3E25E7E-FF4C-4DE3-A666-430D7DF10C3E}
	EndGlobalSection
EndGlobal
